
Microsoft Visual Studio Solution File, Format Version 12.00
# Visual Studio 14
VisualStudioVersion = 14.0.25420.1
MinimumVisualStudioVersion = 10.0.40219.1
Project("{2150E333-8FDC-42A3-9474-1A3956D46DE8}") = "Libraries", "Libraries", "{8F4F9D7F-1CE5-47F2-BD8C-91C7E8935316}"
EndProject
Project("{2150E333-8FDC-42A3-9474-1A3956D46DE8}") = "Plugins", "Plugins", "{7F67E01A-5A59-446B-A113-E489D4CC2B4F}"
EndProject
Project("{2150E333-8FDC-42A3-9474-1A3956D46DE8}") = "Presentation", "Presentation", "{D0386C84-A0AF-406F-8B8C-18F216316263}"
EndProject
Project("{2150E333-8FDC-42A3-9474-1A3956D46DE8}") = "Services", "Services", "{834C8CE7-969F-46BC-9911-63A7FF1622A0}"
EndProject
Project("{FAE04EC0-301F-11D3-BF4B-00C04F79EFBC}") = "ApiTerminal", "Libraries\ApiTerminal\ApiTerminal.csproj", "{AF9D6A06-6FB1-46F1-A224-E07CC1F3E970}"
EndProject
Project("{FAE04EC0-301F-11D3-BF4B-00C04F79EFBC}") = "Data", "Libraries\Data\Data.csproj", "{E64F3A39-D5F3-4B73-9296-E060CD42BA92}"
EndProject
Project("{FAE04EC0-301F-11D3-BF4B-00C04F79EFBC}") = "DB", "Libraries\DB\DB.csproj", "{2656EED8-5043-4171-91F3-984B21051007}"
EndProject
Project("{FAE04EC0-301F-11D3-BF4B-00C04F79EFBC}") = "Utility", "Libraries\Utility\Utility.csproj", "{FAD6CF5B-5AE0-43D9-8514-A799270F810C}"
EndProject
Project("{FAE04EC0-301F-11D3-BF4B-00C04F79EFBC}") = "Proxy", "Plugins\Proxy\Proxy.csproj", "{13817E72-B2A9-49A5-B93C-EF4012583F9B}"
EndProject
Project("{FAE04EC0-301F-11D3-BF4B-00C04F79EFBC}") = "Portal", "Presentation\Portal\Portal.csproj", "{5CAF0C53-C5E1-42AD-AA4A-8994D5027FCE}"
EndProject
Project("{FAE04EC0-301F-11D3-BF4B-00C04F79EFBC}") = "Imagent", "Services\Imagent\Imagent.csproj", "{C4A49CFF-FF9B-4046-BC9A-0F169645FF7E}"
EndProject
Global
	GlobalSection(SolutionConfigurationPlatforms) = preSolution
		Debug|Any CPU = Debug|Any CPU
		Release|Any CPU = Release|Any CPU
	EndGlobalSection
	GlobalSection(ProjectConfigurationPlatforms) = postSolution
		{AF9D6A06-6FB1-46F1-A224-E07CC1F3E970}.Debug|Any CPU.ActiveCfg = Debug|Any CPU
		{AF9D6A06-6FB1-46F1-A224-E07CC1F3E970}.Debug|Any CPU.Build.0 = Debug|Any CPU
		{AF9D6A06-6FB1-46F1-A224-E07CC1F3E970}.Release|Any CPU.ActiveCfg = Release|Any CPU
		{AF9D6A06-6FB1-46F1-A224-E07CC1F3E970}.Release|Any CPU.Build.0 = Release|Any CPU
		{E64F3A39-D5F3-4B73-9296-E060CD42BA92}.Debug|Any CPU.ActiveCfg = Debug|Any CPU
		{E64F3A39-D5F3-4B73-9296-E060CD42BA92}.Debug|Any CPU.Build.0 = Debug|Any CPU
		{E64F3A39-D5F3-4B73-9296-E060CD42BA92}.Release|Any CPU.ActiveCfg = Release|Any CPU
		{E64F3A39-D5F3-4B73-9296-E060CD42BA92}.Release|Any CPU.Build.0 = Release|Any CPU
		{2656EED8-5043-4171-91F3-984B21051007}.Debug|Any CPU.ActiveCfg = Debug|Any CPU
		{2656EED8-5043-4171-91F3-984B21051007}.Debug|Any CPU.Build.0 = Debug|Any CPU
		{2656EED8-5043-4171-91F3-984B21051007}.Release|Any CPU.ActiveCfg = Release|Any CPU
		{2656EED8-5043-4171-91F3-984B21051007}.Release|Any CPU.Build.0 = Release|Any CPU
		{FAD6CF5B-5AE0-43D9-8514-A799270F810C}.Debug|Any CPU.ActiveCfg = Debug|Any CPU
		{FAD6CF5B-5AE0-43D9-8514-A799270F810C}.Debug|Any CPU.Build.0 = Debug|Any CPU
		{FAD6CF5B-5AE0-43D9-8514-A799270F810C}.Release|Any CPU.ActiveCfg = Release|Any CPU
		{FAD6CF5B-5AE0-43D9-8514-A799270F810C}.Release|Any CPU.Build.0 = Release|Any CPU
		{13817E72-B2A9-49A5-B93C-EF4012583F9B}.Debug|Any CPU.ActiveCfg = Debug|Any CPU
		{13817E72-B2A9-49A5-B93C-EF4012583F9B}.Debug|Any CPU.Build.0 = Debug|Any CPU
		{13817E72-B2A9-49A5-B93C-EF4012583F9B}.Release|Any CPU.ActiveCfg = Release|Any CPU
		{13817E72-B2A9-49A5-B93C-EF4012583F9B}.Release|Any CPU.Build.0 = Release|Any CPU
		{5CAF0C53-C5E1-42AD-AA4A-8994D5027FCE}.Debug|Any CPU.ActiveCfg = Debug|Any CPU
		{5CAF0C53-C5E1-42AD-AA4A-8994D5027FCE}.Debug|Any CPU.Build.0 = Debug|Any CPU
		{5CAF0C53-C5E1-42AD-AA4A-8994D5027FCE}.Release|Any CPU.ActiveCfg = Release|Any CPU
		{5CAF0C53-C5E1-42AD-AA4A-8994D5027FCE}.Release|Any CPU.Build.0 = Release|Any CPU
		{C4A49CFF-FF9B-4046-BC9A-0F169645FF7E}.Debug|Any CPU.ActiveCfg = Debug|Any CPU
		{C4A49CFF-FF9B-4046-BC9A-0F169645FF7E}.Debug|Any CPU.Build.0 = Debug|Any CPU
		{C4A49CFF-FF9B-4046-BC9A-0F169645FF7E}.Release|Any CPU.ActiveCfg = Release|Any CPU
		{C4A49CFF-FF9B-4046-BC9A-0F169645FF7E}.Release|Any CPU.Build.0 = Release|Any CPU
	EndGlobalSection
	GlobalSection(SolutionProperties) = preSolution
		HideSolutionNode = FALSE
	EndGlobalSection
	GlobalSection(NestedProjects) = preSolution
		{AF9D6A06-6FB1-46F1-A224-E07CC1F3E970} = {8F4F9D7F-1CE5-47F2-BD8C-91C7E8935316}
		{E64F3A39-D5F3-4B73-9296-E060CD42BA92} = {8F4F9D7F-1CE5-47F2-BD8C-91C7E8935316}
		{2656EED8-5043-4171-91F3-984B21051007} = {8F4F9D7F-1CE5-47F2-BD8C-91C7E8935316}
		{FAD6CF5B-5AE0-43D9-8514-A799270F810C} = {8F4F9D7F-1CE5-47F2-BD8C-91C7E8935316}
		{13817E72-B2A9-49A5-B93C-EF4012583F9B} = {7F67E01A-5A59-446B-A113-E489D4CC2B4F}
		{5CAF0C53-C5E1-42AD-AA4A-8994D5027FCE} = {D0386C84-A0AF-406F-8B8C-18F216316263}
		{C4A49CFF-FF9B-4046-BC9A-0F169645FF7E} = {834C8CE7-969F-46BC-9911-63A7FF1622A0}
	EndGlobalSection
EndGlobal
